{
  "name": "redux-demo",
  "version": "1.0.0",
  "lockfileVersion": 1,
  "requires": true,
  "dependencies": {
    "ci-info": {
      "version": "1.0.0",
      "resolved": "https://registry.npmjs.org/ci-info/-/ci-info-1.0.0.tgz",
      "integrity": "sha1-3FKF8rTiUYIWg2gcOBwziPRuxTQ=",
      "dev": true
    },
    "husky": {
      "version": "0.14.3",
      "resolved": "https://registry.npmjs.org/husky/-/husky-0.14.3.tgz",
      "integrity": "sha512-e21wivqHpstpoiWA/Yi8eFti8E+sQDSS53cpJsPptPs295QTOQR0ZwnHo2TXy1XOpZFD9rPOd3NpmqTK6uMLJA==",
      "dev": true,
      "requires": {
        "is-ci": "1.0.10",
        "normalize-path": "1.0.0",
        "strip-indent": "2.0.0"
      }
    },
    "is-ci": {
      "version": "1.0.10",
      "resolved": "https://registry.npmjs.org/is-ci/-/is-ci-1.0.10.tgz",
      "integrity": "sha1-9zkzayYyNlBhqdSCcM1WrjNpMY4=",
      "dev": true,
      "requires": {
        "ci-info": "1.0.0"
      }
    },
    "normalize-path": {
      "version": "1.0.0",
      "resolved": "https://registry.npmjs.org/normalize-path/-/normalize-path-1.0.0.tgz",
      "integrity": "sha1-MtDkcvkf80VwHBWoMRAY07CpA3k=",
      "dev": true
    },
    "strip-indent": {
      "version": "2.0.0",
      "resolved": "https://registry.npmjs.org/strip-indent/-/strip-indent-2.0.0.tgz",
      "integrity": "sha1-XvjbKV0B5u1sv3qrlpmNeCJSe2g=",
      "dev": true
    }
  }
}
